
Microsoft Visual Studio Solution File, Format Version 12.00
# Visual Studio Version 16
VisualStudioVersion = 16.0.29920.165
MinimumVisualStudioVersion = 10.0.40219.1
Project("{FAE04EC0-301F-11D3-BF4B-00C04F79EFBC}") = "Decorator", "Decorator\Decorator.csproj", "{2B64E385-056E-4552-8360-CF18C1107A92}"
EndProject
Project("{FAE04EC0-301F-11D3-BF4B-00C04F79EFBC}") = "Factory", "Factory\Factory.csproj", "{D5A63515-908A-4F3E-8C77-587D2366C302}"
EndProject
Project("{FAE04EC0-301F-11D3-BF4B-00C04F79EFBC}") = "Singleton", "Singleton\Singleton.csproj", "{6A181AE3-F37F-4DCC-9050-8D6DD1FEE5BB}"
EndProject
Project("{FAE04EC0-301F-11D3-BF4B-00C04F79EFBC}") = "Recommendation", "Recommendation\Recommendation.csproj", "{AC900D57-ED40-4046-BD06-F1492FBE8F87}"
EndProject
Project("{FAE04EC0-301F-11D3-BF4B-00C04F79EFBC}") = "Adapter", "Adapter\Adapter.csproj", "{DAFC18A7-91AD-4C2A-90E1-2AD345FF9B8D}"
EndProject
Project("{FAE04EC0-301F-11D3-BF4B-00C04F79EFBC}") = "Facade", "Facade\Facade.csproj", "{5AFB6EB9-6628-4101-B876-66C81D3EEE39}"
EndProject
Project("{FAE04EC0-301F-11D3-BF4B-00C04F79EFBC}") = "TempeteMethod", "TempeteMethod\TempeteMethod.csproj", "{759773ED-7551-4C94-8FED-82A686D2625F}"
EndProject
Project("{FAE04EC0-301F-11D3-BF4B-00C04F79EFBC}") = "Strategy", "Strategy\Strategy.csproj", "{0BD4E71D-8DC1-464A-A0A0-7208B6A5EA87}"
EndProject
Global
	GlobalSection(SolutionConfigurationPlatforms) = preSolution
		Debug|Any CPU = Debug|Any CPU
		Release|Any CPU = Release|Any CPU
	EndGlobalSection
	GlobalSection(ProjectConfigurationPlatforms) = postSolution
		{2B64E385-056E-4552-8360-CF18C1107A92}.Debug|Any CPU.ActiveCfg = Debug|Any CPU
		{2B64E385-056E-4552-8360-CF18C1107A92}.Debug|Any CPU.Build.0 = Debug|Any CPU
		{2B64E385-056E-4552-8360-CF18C1107A92}.Release|Any CPU.ActiveCfg = Release|Any CPU
		{2B64E385-056E-4552-8360-CF18C1107A92}.Release|Any CPU.Build.0 = Release|Any CPU
		{D5A63515-908A-4F3E-8C77-587D2366C302}.Debug|Any CPU.ActiveCfg = Debug|Any CPU
		{D5A63515-908A-4F3E-8C77-587D2366C302}.Debug|Any CPU.Build.0 = Debug|Any CPU
		{D5A63515-908A-4F3E-8C77-587D2366C302}.Release|Any CPU.ActiveCfg = Release|Any CPU
		{D5A63515-908A-4F3E-8C77-587D2366C302}.Release|Any CPU.Build.0 = Release|Any CPU
		{6A181AE3-F37F-4DCC-9050-8D6DD1FEE5BB}.Debug|Any CPU.ActiveCfg = Debug|Any CPU
		{6A181AE3-F37F-4DCC-9050-8D6DD1FEE5BB}.Debug|Any CPU.Build.0 = Debug|Any CPU
		{6A181AE3-F37F-4DCC-9050-8D6DD1FEE5BB}.Release|Any CPU.ActiveCfg = Release|Any CPU
		{6A181AE3-F37F-4DCC-9050-8D6DD1FEE5BB}.Release|Any CPU.Build.0 = Release|Any CPU
		{AC900D57-ED40-4046-BD06-F1492FBE8F87}.Debug|Any CPU.ActiveCfg = Debug|Any CPU
		{AC900D57-ED40-4046-BD06-F1492FBE8F87}.Debug|Any CPU.Build.0 = Debug|Any CPU
		{AC900D57-ED40-4046-BD06-F1492FBE8F87}.Release|Any CPU.ActiveCfg = Release|Any CPU
		{AC900D57-ED40-4046-BD06-F1492FBE8F87}.Release|Any CPU.Build.0 = Release|Any CPU
		{DAFC18A7-91AD-4C2A-90E1-2AD345FF9B8D}.Debug|Any CPU.ActiveCfg = Debug|Any CPU
		{DAFC18A7-91AD-4C2A-90E1-2AD345FF9B8D}.Debug|Any CPU.Build.0 = Debug|Any CPU
		{DAFC18A7-91AD-4C2A-90E1-2AD345FF9B8D}.Release|Any CPU.ActiveCfg = Release|Any CPU
		{DAFC18A7-91AD-4C2A-90E1-2AD345FF9B8D}.Release|Any CPU.Build.0 = Release|Any CPU
		{5AFB6EB9-6628-4101-B876-66C81D3EEE39}.Debug|Any CPU.ActiveCfg = Debug|Any CPU
		{5AFB6EB9-6628-4101-B876-66C81D3EEE39}.Debug|Any CPU.Build.0 = Debug|Any CPU
		{5AFB6EB9-6628-4101-B876-66C81D3EEE39}.Release|Any CPU.ActiveCfg = Release|Any CPU
		{5AFB6EB9-6628-4101-B876-66C81D3EEE39}.Release|Any CPU.Build.0 = Release|Any CPU
		{759773ED-7551-4C94-8FED-82A686D2625F}.Debug|Any CPU.ActiveCfg = Debug|Any CPU
		{759773ED-7551-4C94-8FED-82A686D2625F}.Debug|Any CPU.Build.0 = Debug|Any CPU
		{759773ED-7551-4C94-8FED-82A686D2625F}.Release|Any CPU.ActiveCfg = Release|Any CPU
		{759773ED-7551-4C94-8FED-82A686D2625F}.Release|Any CPU.Build.0 = Release|Any CPU
		{0BD4E71D-8DC1-464A-A0A0-7208B6A5EA87}.Debug|Any CPU.ActiveCfg = Debug|Any CPU
		{0BD4E71D-8DC1-464A-A0A0-7208B6A5EA87}.Debug|Any CPU.Build.0 = Debug|Any CPU
		{0BD4E71D-8DC1-464A-A0A0-7208B6A5EA87}.Release|Any CPU.ActiveCfg = Release|Any CPU
		{0BD4E71D-8DC1-464A-A0A0-7208B6A5EA87}.Release|Any CPU.Build.0 = Release|Any CPU
	EndGlobalSection
	GlobalSection(SolutionProperties) = preSolution
		HideSolutionNode = FALSE
	EndGlobalSection
	GlobalSection(ExtensibilityGlobals) = postSolution
		SolutionGuid = {BC8C7EF8-BDC4-4C9B-BF65-052E70A9650D}
	EndGlobalSection
EndGlobal
