
Microsoft Visual Studio Solution File, Format Version 12.00
# Visual Studio Version 16
VisualStudioVersion = 16.0.29920.165
MinimumVisualStudioVersion = 10.0.40219.1
Project("{FAE04EC0-301F-11D3-BF4B-00C04F79EFBC}") = "Decorator", "Decorator\Decorator.csproj", "{2B64E385-056E-4552-8360-CF18C1107A92}"
EndProject
Project("{FAE04EC0-301F-11D3-BF4B-00C04F79EFBC}") = "Factory", "Factory\Factory.csproj", "{D5A63515-908A-4F3E-8C77-587D2366C302}"
EndProject
Project("{FAE04EC0-301F-11D3-BF4B-00C04F79EFBC}") = "Singleton", "Singleton\Singleton.csproj", "{6A181AE3-F37F-4DCC-9050-8D6DD1FEE5BB}"
EndProject
Project("{FAE04EC0-301F-11D3-BF4B-00C04F79EFBC}") = "Recommendation", "Recommendation\Recommendation.csproj", "{AC900D57-ED40-4046-BD06-F1492FBE8F87}"
EndProject
Project("{FAE04EC0-301F-11D3-BF4B-00C04F79EFBC}") = "Adapter", "Adapter\Adapter.csproj", "{DAFC18A7-91AD-4C2A-90E1-2AD345FF9B8D}"
EndProject
Project("{FAE04EC0-301F-11D3-BF4B-00C04F79EFBC}") = "Facade", "Facade\Facade.csproj", "{5AFB6EB9-6628-4101-B876-66C81D3EEE39}"
EndProject
Project("{FAE04EC0-301F-11D3-BF4B-00C04F79EFBC}") = "TempeteMethod", "TempeteMethod\TempeteMethod.csproj", "{759773ED-7551-4C94-8FED-82A686D2625F}"
EndProject
Project("{FAE04EC0-301F-11D3-BF4B-00C04F79EFBC}") = "Strategy", "Strategy\Strategy.csproj", "{0BD4E71D-8DC1-464A-A0A0-7208B6A5EA87}"
EndProject
Project("{FAE04EC0-301F-11D3-BF4B-00C04F79EFBC}") = "Iterator", "Iterator\Iterator.csproj", "{307F0148-8076-4B82-AF0D-2B4CC156D0D4}"
EndProject
Project("{FAE04EC0-301F-11D3-BF4B-00C04F79EFBC}") = "SpecialFactoryAbstract", "SpecialFactoryAbstract\SpecialFactoryAbstract.csproj", "{FEB79238-F4F6-4A08-A1B0-E5F383595493}"
EndProject
Project("{FAE04EC0-301F-11D3-BF4B-00C04F79EFBC}") = "Composite", "Composite\Composite.csproj", "{F23246FC-70B8-4E9A-B26C-D24689C7BEF4}"
EndProject
Project("{FAE04EC0-301F-11D3-BF4B-00C04F79EFBC}") = "State", "State\State.csproj", "{9B566F55-E9FA-435F-88AC-F660F013A87C}"
EndProject
Project("{FAE04EC0-301F-11D3-BF4B-00C04F79EFBC}") = "Proxy", "Proxy\Proxy.csproj", "{FBE5986C-2FF5-432E-B17A-EE49A56E6374}"
EndProject
Project("{FAE04EC0-301F-11D3-BF4B-00C04F79EFBC}") = "Bulider", "Bulider\Bulider.csproj", "{7A061EA5-C7A8-4934-A85D-4947337EF356}"
EndProject
Project("{FAE04EC0-301F-11D3-BF4B-00C04F79EFBC}") = "FluentBulider", "FluentBulider\FluentBulider.csproj", "{8A6FC595-5EF7-4E9D-83CD-648DC92433A0}"
EndProject
Project("{2150E333-8FDC-42A3-9474-1A3956D46DE8}") = "Builders", "Builders", "{26557337-0858-4EDB-8801-F468D201568A}"
EndProject
Project("{FAE04EC0-301F-11D3-BF4B-00C04F79EFBC}") = "FunctionalBuilder", "FunctionalBuilder\FunctionalBuilder.csproj", "{5EB8F405-670A-4F76-A0E0-0B3EE6553EAD}"
EndProject
Project("{FAE04EC0-301F-11D3-BF4B-00C04F79EFBC}") = "FunctionalBuilderV2", "FunctionalBuilderV2\FunctionalBuilderV2.csproj", "{A0F3ECAE-846D-44D0-97CE-7F4F18CC3C02}"
EndProject
Project("{FAE04EC0-301F-11D3-BF4B-00C04F79EFBC}") = "FasetedBuilder", "FasetedBuilder\FasetedBuilder.csproj", "{C74C055E-1308-40B0-8E59-55E448D51E21}"
EndProject
Project("{2150E333-8FDC-42A3-9474-1A3956D46DE8}") = "UdemyCourse", "UdemyCourse", "{20DD0830-3FB4-4180-9D72-2B655D97D27B}"
EndProject
Project("{2150E333-8FDC-42A3-9474-1A3956D46DE8}") = "Factories", "Factories", "{D599AD03-F9CC-43EA-A4B3-F8696AE1B3C7}"
EndProject
Project("{FAE04EC0-301F-11D3-BF4B-00C04F79EFBC}") = "FactoryMethod", "FactoryMethod\FactoryMethod.csproj", "{481335D4-C3F0-48C8-A12C-72F48652278B}"
EndProject
Project("{FAE04EC0-301F-11D3-BF4B-00C04F79EFBC}") = "AsynchronusFactoryMethod", "AsynchronusFactoryMethod\AsynchronusFactoryMethod.csproj", "{9E5EADE1-5558-4C10-AB70-C260E2FB0511}"
EndProject
Project("{FAE04EC0-301F-11D3-BF4B-00C04F79EFBC}") = "FactoryMethodSecondVersion", "FactoryMethodSecondVersion\FactoryMethodSecondVersion.csproj", "{11367596-6068-4C2E-BEFF-1E5C3B9B3981}"
EndProject
Project("{FAE04EC0-301F-11D3-BF4B-00C04F79EFBC}") = "AbstractFactory", "AbstractFactory\AbstractFactory.csproj", "{58C152AA-B82E-4AD4-BDB7-1DA6B02F4D7A}"
EndProject
Project("{2150E333-8FDC-42A3-9474-1A3956D46DE8}") = "Prototype", "Prototype", "{950A8EDE-861A-4372-9657-F039544BA07E}"
EndProject
Project("{FAE04EC0-301F-11D3-BF4B-00C04F79EFBC}") = "Prototype", "Prototype\Prototype.csproj", "{77723F85-0E0B-4231-B0DD-899E4DA681B2}"
EndProject
Project("{FAE04EC0-301F-11D3-BF4B-00C04F79EFBC}") = "PrototypeDeepCopy", "PrototypeDeepCopy\PrototypeDeepCopy.csproj", "{9B2872E5-D07B-4681-BDF7-808FEBBD13C3}"
EndProject
Project("{FAE04EC0-301F-11D3-BF4B-00C04F79EFBC}") = "PrototypeInherithence", "PrototypeInherithence\PrototypeInherithence.csproj", "{930E0F45-CC33-4A6F-BEFE-A8C0B9EA0E5C}"
EndProject
Project("{FAE04EC0-301F-11D3-BF4B-00C04F79EFBC}") = "SerializationPrototype", "SerializationPrototype\SerializationPrototype.csproj", "{3E7D5761-D398-4A25-B68E-CBC05571DE02}"
EndProject
Project("{FAE04EC0-301F-11D3-BF4B-00C04F79EFBC}") = "Exercise", "Exercise\Exercise.csproj", "{4E8D8892-D88D-452B-9071-AF9A1953EA3D}"
EndProject
Project("{2150E333-8FDC-42A3-9474-1A3956D46DE8}") = "Singleton", "Singleton", "{C71F6D1E-0170-4C0B-96C5-AE561C2E6093}"
EndProject
Project("{FAE04EC0-301F-11D3-BF4B-00C04F79EFBC}") = "SingletonImplement", "SingletonImplement\SingletonImplement.csproj", "{48702109-F799-4DE3-925E-DDD14FF06176}"
EndProject
Project("{FAE04EC0-301F-11D3-BF4B-00C04F79EFBC}") = "SingletonTestImplement", "SingletonTestImplement\SingletonTestImplement.csproj", "{9178255B-C7D6-4288-8E00-5F0F831D2E02}"
EndProject
Project("{FAE04EC0-301F-11D3-BF4B-00C04F79EFBC}") = "MonoState", "MonoState\MonoState.csproj", "{D29D99BF-6A5F-4B12-9ECA-2E1561650E77}"
EndProject
Project("{FAE04EC0-301F-11D3-BF4B-00C04F79EFBC}") = "PerThreadSingleton", "PerThreadSingleton\PerThreadSingleton.csproj", "{AF26B0A7-0642-4091-8156-12D615368101}"
EndProject
Project("{FAE04EC0-301F-11D3-BF4B-00C04F79EFBC}") = "AmbientContent", "AmbientContent\AmbientContent.csproj", "{9B78538C-618F-4C7D-9FE5-81877D3943F4}"
EndProject
Project("{2150E333-8FDC-42A3-9474-1A3956D46DE8}") = "Adapter", "Adapter", "{D172FCBD-E9D4-4BFE-890E-1B4404BFE99B}"
EndProject
Project("{FAE04EC0-301F-11D3-BF4B-00C04F79EFBC}") = "VectorAdapter", "VectorAdapter\VectorAdapter.csproj", "{F95A6333-0ACF-4669-BA02-997B1994984B}"
EndProject
Project("{FAE04EC0-301F-11D3-BF4B-00C04F79EFBC}") = "GenericValueAdapter", "GenericValueAdapter\GenericValueAdapter.csproj", "{8D22684E-87D8-498D-B4F6-357BA7F3C7B3}"
EndProject
Project("{FAE04EC0-301F-11D3-BF4B-00C04F79EFBC}") = "AdapterDependencyInjection", "AdapterDependencyInjection\AdapterDependencyInjection.csproj", "{492677EF-F1DC-461B-B874-5326E80F8703}"
EndProject
Project("{FAE04EC0-301F-11D3-BF4B-00C04F79EFBC}") = "ExerciseAdapter", "ExerciseAdapter\ExerciseAdapter.csproj", "{668CC83D-7EF6-4949-9A65-28DEAA26F269}"
EndProject
Project("{2150E333-8FDC-42A3-9474-1A3956D46DE8}") = "TestSolution", "TestSolution", "{536DDDD3-BD0E-4ADE-918D-6DEC8D5A374F}"
EndProject
Project("{FAE04EC0-301F-11D3-BF4B-00C04F79EFBC}") = "TestSuite", "TestSuite\TestSuite.csproj", "{C7350CB8-0855-485E-89FD-AE09BAFA02AF}"
EndProject
Project("{2150E333-8FDC-42A3-9474-1A3956D46DE8}") = "Bridge", "Bridge", "{9EC2EC90-EF00-48FD-BAAC-868A950E1C1C}"
EndProject
Project("{FAE04EC0-301F-11D3-BF4B-00C04F79EFBC}") = "Bridge", "Bridge\Bridge.csproj", "{B9F7F38F-9A16-4517-8AA3-A931DD76D2E0}"
EndProject
Global
	GlobalSection(SolutionConfigurationPlatforms) = preSolution
		Debug|Any CPU = Debug|Any CPU
		Release|Any CPU = Release|Any CPU
	EndGlobalSection
	GlobalSection(ProjectConfigurationPlatforms) = postSolution
		{2B64E385-056E-4552-8360-CF18C1107A92}.Debug|Any CPU.ActiveCfg = Debug|Any CPU
		{2B64E385-056E-4552-8360-CF18C1107A92}.Debug|Any CPU.Build.0 = Debug|Any CPU
		{2B64E385-056E-4552-8360-CF18C1107A92}.Release|Any CPU.ActiveCfg = Release|Any CPU
		{2B64E385-056E-4552-8360-CF18C1107A92}.Release|Any CPU.Build.0 = Release|Any CPU
		{D5A63515-908A-4F3E-8C77-587D2366C302}.Debug|Any CPU.ActiveCfg = Debug|Any CPU
		{D5A63515-908A-4F3E-8C77-587D2366C302}.Debug|Any CPU.Build.0 = Debug|Any CPU
		{D5A63515-908A-4F3E-8C77-587D2366C302}.Release|Any CPU.ActiveCfg = Release|Any CPU
		{D5A63515-908A-4F3E-8C77-587D2366C302}.Release|Any CPU.Build.0 = Release|Any CPU
		{6A181AE3-F37F-4DCC-9050-8D6DD1FEE5BB}.Debug|Any CPU.ActiveCfg = Debug|Any CPU
		{6A181AE3-F37F-4DCC-9050-8D6DD1FEE5BB}.Debug|Any CPU.Build.0 = Debug|Any CPU
		{6A181AE3-F37F-4DCC-9050-8D6DD1FEE5BB}.Release|Any CPU.ActiveCfg = Release|Any CPU
		{6A181AE3-F37F-4DCC-9050-8D6DD1FEE5BB}.Release|Any CPU.Build.0 = Release|Any CPU
		{AC900D57-ED40-4046-BD06-F1492FBE8F87}.Debug|Any CPU.ActiveCfg = Debug|Any CPU
		{AC900D57-ED40-4046-BD06-F1492FBE8F87}.Debug|Any CPU.Build.0 = Debug|Any CPU
		{AC900D57-ED40-4046-BD06-F1492FBE8F87}.Release|Any CPU.ActiveCfg = Release|Any CPU
		{AC900D57-ED40-4046-BD06-F1492FBE8F87}.Release|Any CPU.Build.0 = Release|Any CPU
		{DAFC18A7-91AD-4C2A-90E1-2AD345FF9B8D}.Debug|Any CPU.ActiveCfg = Debug|Any CPU
		{DAFC18A7-91AD-4C2A-90E1-2AD345FF9B8D}.Debug|Any CPU.Build.0 = Debug|Any CPU
		{DAFC18A7-91AD-4C2A-90E1-2AD345FF9B8D}.Release|Any CPU.ActiveCfg = Release|Any CPU
		{DAFC18A7-91AD-4C2A-90E1-2AD345FF9B8D}.Release|Any CPU.Build.0 = Release|Any CPU
		{5AFB6EB9-6628-4101-B876-66C81D3EEE39}.Debug|Any CPU.ActiveCfg = Debug|Any CPU
		{5AFB6EB9-6628-4101-B876-66C81D3EEE39}.Debug|Any CPU.Build.0 = Debug|Any CPU
		{5AFB6EB9-6628-4101-B876-66C81D3EEE39}.Release|Any CPU.ActiveCfg = Release|Any CPU
		{5AFB6EB9-6628-4101-B876-66C81D3EEE39}.Release|Any CPU.Build.0 = Release|Any CPU
		{759773ED-7551-4C94-8FED-82A686D2625F}.Debug|Any CPU.ActiveCfg = Debug|Any CPU
		{759773ED-7551-4C94-8FED-82A686D2625F}.Debug|Any CPU.Build.0 = Debug|Any CPU
		{759773ED-7551-4C94-8FED-82A686D2625F}.Release|Any CPU.ActiveCfg = Release|Any CPU
		{759773ED-7551-4C94-8FED-82A686D2625F}.Release|Any CPU.Build.0 = Release|Any CPU
		{0BD4E71D-8DC1-464A-A0A0-7208B6A5EA87}.Debug|Any CPU.ActiveCfg = Debug|Any CPU
		{0BD4E71D-8DC1-464A-A0A0-7208B6A5EA87}.Debug|Any CPU.Build.0 = Debug|Any CPU
		{0BD4E71D-8DC1-464A-A0A0-7208B6A5EA87}.Release|Any CPU.ActiveCfg = Release|Any CPU
		{0BD4E71D-8DC1-464A-A0A0-7208B6A5EA87}.Release|Any CPU.Build.0 = Release|Any CPU
		{307F0148-8076-4B82-AF0D-2B4CC156D0D4}.Debug|Any CPU.ActiveCfg = Debug|Any CPU
		{307F0148-8076-4B82-AF0D-2B4CC156D0D4}.Debug|Any CPU.Build.0 = Debug|Any CPU
		{307F0148-8076-4B82-AF0D-2B4CC156D0D4}.Release|Any CPU.ActiveCfg = Release|Any CPU
		{307F0148-8076-4B82-AF0D-2B4CC156D0D4}.Release|Any CPU.Build.0 = Release|Any CPU
		{FEB79238-F4F6-4A08-A1B0-E5F383595493}.Debug|Any CPU.ActiveCfg = Debug|Any CPU
		{FEB79238-F4F6-4A08-A1B0-E5F383595493}.Debug|Any CPU.Build.0 = Debug|Any CPU
		{FEB79238-F4F6-4A08-A1B0-E5F383595493}.Release|Any CPU.ActiveCfg = Release|Any CPU
		{FEB79238-F4F6-4A08-A1B0-E5F383595493}.Release|Any CPU.Build.0 = Release|Any CPU
		{F23246FC-70B8-4E9A-B26C-D24689C7BEF4}.Debug|Any CPU.ActiveCfg = Debug|Any CPU
		{F23246FC-70B8-4E9A-B26C-D24689C7BEF4}.Debug|Any CPU.Build.0 = Debug|Any CPU
		{F23246FC-70B8-4E9A-B26C-D24689C7BEF4}.Release|Any CPU.ActiveCfg = Release|Any CPU
		{F23246FC-70B8-4E9A-B26C-D24689C7BEF4}.Release|Any CPU.Build.0 = Release|Any CPU
		{9B566F55-E9FA-435F-88AC-F660F013A87C}.Debug|Any CPU.ActiveCfg = Debug|Any CPU
		{9B566F55-E9FA-435F-88AC-F660F013A87C}.Debug|Any CPU.Build.0 = Debug|Any CPU
		{9B566F55-E9FA-435F-88AC-F660F013A87C}.Release|Any CPU.ActiveCfg = Release|Any CPU
		{9B566F55-E9FA-435F-88AC-F660F013A87C}.Release|Any CPU.Build.0 = Release|Any CPU
		{FBE5986C-2FF5-432E-B17A-EE49A56E6374}.Debug|Any CPU.ActiveCfg = Debug|Any CPU
		{FBE5986C-2FF5-432E-B17A-EE49A56E6374}.Debug|Any CPU.Build.0 = Debug|Any CPU
		{FBE5986C-2FF5-432E-B17A-EE49A56E6374}.Release|Any CPU.ActiveCfg = Release|Any CPU
		{FBE5986C-2FF5-432E-B17A-EE49A56E6374}.Release|Any CPU.Build.0 = Release|Any CPU
		{7A061EA5-C7A8-4934-A85D-4947337EF356}.Debug|Any CPU.ActiveCfg = Debug|Any CPU
		{7A061EA5-C7A8-4934-A85D-4947337EF356}.Debug|Any CPU.Build.0 = Debug|Any CPU
		{7A061EA5-C7A8-4934-A85D-4947337EF356}.Release|Any CPU.ActiveCfg = Release|Any CPU
		{7A061EA5-C7A8-4934-A85D-4947337EF356}.Release|Any CPU.Build.0 = Release|Any CPU
		{8A6FC595-5EF7-4E9D-83CD-648DC92433A0}.Debug|Any CPU.ActiveCfg = Debug|Any CPU
		{8A6FC595-5EF7-4E9D-83CD-648DC92433A0}.Debug|Any CPU.Build.0 = Debug|Any CPU
		{8A6FC595-5EF7-4E9D-83CD-648DC92433A0}.Release|Any CPU.ActiveCfg = Release|Any CPU
		{8A6FC595-5EF7-4E9D-83CD-648DC92433A0}.Release|Any CPU.Build.0 = Release|Any CPU
		{5EB8F405-670A-4F76-A0E0-0B3EE6553EAD}.Debug|Any CPU.ActiveCfg = Debug|Any CPU
		{5EB8F405-670A-4F76-A0E0-0B3EE6553EAD}.Debug|Any CPU.Build.0 = Debug|Any CPU
		{5EB8F405-670A-4F76-A0E0-0B3EE6553EAD}.Release|Any CPU.ActiveCfg = Release|Any CPU
		{5EB8F405-670A-4F76-A0E0-0B3EE6553EAD}.Release|Any CPU.Build.0 = Release|Any CPU
		{A0F3ECAE-846D-44D0-97CE-7F4F18CC3C02}.Debug|Any CPU.ActiveCfg = Debug|Any CPU
		{A0F3ECAE-846D-44D0-97CE-7F4F18CC3C02}.Debug|Any CPU.Build.0 = Debug|Any CPU
		{A0F3ECAE-846D-44D0-97CE-7F4F18CC3C02}.Release|Any CPU.ActiveCfg = Release|Any CPU
		{A0F3ECAE-846D-44D0-97CE-7F4F18CC3C02}.Release|Any CPU.Build.0 = Release|Any CPU
		{C74C055E-1308-40B0-8E59-55E448D51E21}.Debug|Any CPU.ActiveCfg = Debug|Any CPU
		{C74C055E-1308-40B0-8E59-55E448D51E21}.Debug|Any CPU.Build.0 = Debug|Any CPU
		{C74C055E-1308-40B0-8E59-55E448D51E21}.Release|Any CPU.ActiveCfg = Release|Any CPU
		{C74C055E-1308-40B0-8E59-55E448D51E21}.Release|Any CPU.Build.0 = Release|Any CPU
		{481335D4-C3F0-48C8-A12C-72F48652278B}.Debug|Any CPU.ActiveCfg = Debug|Any CPU
		{481335D4-C3F0-48C8-A12C-72F48652278B}.Debug|Any CPU.Build.0 = Debug|Any CPU
		{481335D4-C3F0-48C8-A12C-72F48652278B}.Release|Any CPU.ActiveCfg = Release|Any CPU
		{481335D4-C3F0-48C8-A12C-72F48652278B}.Release|Any CPU.Build.0 = Release|Any CPU
		{9E5EADE1-5558-4C10-AB70-C260E2FB0511}.Debug|Any CPU.ActiveCfg = Debug|Any CPU
		{9E5EADE1-5558-4C10-AB70-C260E2FB0511}.Debug|Any CPU.Build.0 = Debug|Any CPU
		{9E5EADE1-5558-4C10-AB70-C260E2FB0511}.Release|Any CPU.ActiveCfg = Release|Any CPU
		{9E5EADE1-5558-4C10-AB70-C260E2FB0511}.Release|Any CPU.Build.0 = Release|Any CPU
		{11367596-6068-4C2E-BEFF-1E5C3B9B3981}.Debug|Any CPU.ActiveCfg = Debug|Any CPU
		{11367596-6068-4C2E-BEFF-1E5C3B9B3981}.Debug|Any CPU.Build.0 = Debug|Any CPU
		{11367596-6068-4C2E-BEFF-1E5C3B9B3981}.Release|Any CPU.ActiveCfg = Release|Any CPU
		{11367596-6068-4C2E-BEFF-1E5C3B9B3981}.Release|Any CPU.Build.0 = Release|Any CPU
		{58C152AA-B82E-4AD4-BDB7-1DA6B02F4D7A}.Debug|Any CPU.ActiveCfg = Debug|Any CPU
		{58C152AA-B82E-4AD4-BDB7-1DA6B02F4D7A}.Debug|Any CPU.Build.0 = Debug|Any CPU
		{58C152AA-B82E-4AD4-BDB7-1DA6B02F4D7A}.Release|Any CPU.ActiveCfg = Release|Any CPU
		{58C152AA-B82E-4AD4-BDB7-1DA6B02F4D7A}.Release|Any CPU.Build.0 = Release|Any CPU
		{77723F85-0E0B-4231-B0DD-899E4DA681B2}.Debug|Any CPU.ActiveCfg = Debug|Any CPU
		{77723F85-0E0B-4231-B0DD-899E4DA681B2}.Debug|Any CPU.Build.0 = Debug|Any CPU
		{77723F85-0E0B-4231-B0DD-899E4DA681B2}.Release|Any CPU.ActiveCfg = Release|Any CPU
		{77723F85-0E0B-4231-B0DD-899E4DA681B2}.Release|Any CPU.Build.0 = Release|Any CPU
		{9B2872E5-D07B-4681-BDF7-808FEBBD13C3}.Debug|Any CPU.ActiveCfg = Debug|Any CPU
		{9B2872E5-D07B-4681-BDF7-808FEBBD13C3}.Debug|Any CPU.Build.0 = Debug|Any CPU
		{9B2872E5-D07B-4681-BDF7-808FEBBD13C3}.Release|Any CPU.ActiveCfg = Release|Any CPU
		{9B2872E5-D07B-4681-BDF7-808FEBBD13C3}.Release|Any CPU.Build.0 = Release|Any CPU
		{930E0F45-CC33-4A6F-BEFE-A8C0B9EA0E5C}.Debug|Any CPU.ActiveCfg = Debug|Any CPU
		{930E0F45-CC33-4A6F-BEFE-A8C0B9EA0E5C}.Debug|Any CPU.Build.0 = Debug|Any CPU
		{930E0F45-CC33-4A6F-BEFE-A8C0B9EA0E5C}.Release|Any CPU.ActiveCfg = Release|Any CPU
		{930E0F45-CC33-4A6F-BEFE-A8C0B9EA0E5C}.Release|Any CPU.Build.0 = Release|Any CPU
		{3E7D5761-D398-4A25-B68E-CBC05571DE02}.Debug|Any CPU.ActiveCfg = Debug|Any CPU
		{3E7D5761-D398-4A25-B68E-CBC05571DE02}.Debug|Any CPU.Build.0 = Debug|Any CPU
		{3E7D5761-D398-4A25-B68E-CBC05571DE02}.Release|Any CPU.ActiveCfg = Release|Any CPU
		{3E7D5761-D398-4A25-B68E-CBC05571DE02}.Release|Any CPU.Build.0 = Release|Any CPU
		{4E8D8892-D88D-452B-9071-AF9A1953EA3D}.Debug|Any CPU.ActiveCfg = Debug|Any CPU
		{4E8D8892-D88D-452B-9071-AF9A1953EA3D}.Debug|Any CPU.Build.0 = Debug|Any CPU
		{4E8D8892-D88D-452B-9071-AF9A1953EA3D}.Release|Any CPU.ActiveCfg = Release|Any CPU
		{4E8D8892-D88D-452B-9071-AF9A1953EA3D}.Release|Any CPU.Build.0 = Release|Any CPU
		{48702109-F799-4DE3-925E-DDD14FF06176}.Debug|Any CPU.ActiveCfg = Debug|Any CPU
		{48702109-F799-4DE3-925E-DDD14FF06176}.Debug|Any CPU.Build.0 = Debug|Any CPU
		{48702109-F799-4DE3-925E-DDD14FF06176}.Release|Any CPU.ActiveCfg = Release|Any CPU
		{48702109-F799-4DE3-925E-DDD14FF06176}.Release|Any CPU.Build.0 = Release|Any CPU
		{9178255B-C7D6-4288-8E00-5F0F831D2E02}.Debug|Any CPU.ActiveCfg = Debug|Any CPU
		{9178255B-C7D6-4288-8E00-5F0F831D2E02}.Debug|Any CPU.Build.0 = Debug|Any CPU
		{9178255B-C7D6-4288-8E00-5F0F831D2E02}.Release|Any CPU.ActiveCfg = Release|Any CPU
		{9178255B-C7D6-4288-8E00-5F0F831D2E02}.Release|Any CPU.Build.0 = Release|Any CPU
		{D29D99BF-6A5F-4B12-9ECA-2E1561650E77}.Debug|Any CPU.ActiveCfg = Debug|Any CPU
		{D29D99BF-6A5F-4B12-9ECA-2E1561650E77}.Debug|Any CPU.Build.0 = Debug|Any CPU
		{D29D99BF-6A5F-4B12-9ECA-2E1561650E77}.Release|Any CPU.ActiveCfg = Release|Any CPU
		{D29D99BF-6A5F-4B12-9ECA-2E1561650E77}.Release|Any CPU.Build.0 = Release|Any CPU
		{AF26B0A7-0642-4091-8156-12D615368101}.Debug|Any CPU.ActiveCfg = Debug|Any CPU
		{AF26B0A7-0642-4091-8156-12D615368101}.Debug|Any CPU.Build.0 = Debug|Any CPU
		{AF26B0A7-0642-4091-8156-12D615368101}.Release|Any CPU.ActiveCfg = Release|Any CPU
		{AF26B0A7-0642-4091-8156-12D615368101}.Release|Any CPU.Build.0 = Release|Any CPU
		{9B78538C-618F-4C7D-9FE5-81877D3943F4}.Debug|Any CPU.ActiveCfg = Debug|Any CPU
		{9B78538C-618F-4C7D-9FE5-81877D3943F4}.Debug|Any CPU.Build.0 = Debug|Any CPU
		{9B78538C-618F-4C7D-9FE5-81877D3943F4}.Release|Any CPU.ActiveCfg = Release|Any CPU
		{9B78538C-618F-4C7D-9FE5-81877D3943F4}.Release|Any CPU.Build.0 = Release|Any CPU
		{F95A6333-0ACF-4669-BA02-997B1994984B}.Debug|Any CPU.ActiveCfg = Debug|Any CPU
		{F95A6333-0ACF-4669-BA02-997B1994984B}.Debug|Any CPU.Build.0 = Debug|Any CPU
		{F95A6333-0ACF-4669-BA02-997B1994984B}.Release|Any CPU.ActiveCfg = Release|Any CPU
		{F95A6333-0ACF-4669-BA02-997B1994984B}.Release|Any CPU.Build.0 = Release|Any CPU
		{8D22684E-87D8-498D-B4F6-357BA7F3C7B3}.Debug|Any CPU.ActiveCfg = Debug|Any CPU
		{8D22684E-87D8-498D-B4F6-357BA7F3C7B3}.Debug|Any CPU.Build.0 = Debug|Any CPU
		{8D22684E-87D8-498D-B4F6-357BA7F3C7B3}.Release|Any CPU.ActiveCfg = Release|Any CPU
		{8D22684E-87D8-498D-B4F6-357BA7F3C7B3}.Release|Any CPU.Build.0 = Release|Any CPU
		{492677EF-F1DC-461B-B874-5326E80F8703}.Debug|Any CPU.ActiveCfg = Debug|Any CPU
		{492677EF-F1DC-461B-B874-5326E80F8703}.Debug|Any CPU.Build.0 = Debug|Any CPU
		{492677EF-F1DC-461B-B874-5326E80F8703}.Release|Any CPU.ActiveCfg = Release|Any CPU
		{492677EF-F1DC-461B-B874-5326E80F8703}.Release|Any CPU.Build.0 = Release|Any CPU
		{668CC83D-7EF6-4949-9A65-28DEAA26F269}.Debug|Any CPU.ActiveCfg = Debug|Any CPU
		{668CC83D-7EF6-4949-9A65-28DEAA26F269}.Debug|Any CPU.Build.0 = Debug|Any CPU
		{668CC83D-7EF6-4949-9A65-28DEAA26F269}.Release|Any CPU.ActiveCfg = Release|Any CPU
		{668CC83D-7EF6-4949-9A65-28DEAA26F269}.Release|Any CPU.Build.0 = Release|Any CPU
		{C7350CB8-0855-485E-89FD-AE09BAFA02AF}.Debug|Any CPU.ActiveCfg = Debug|Any CPU
		{C7350CB8-0855-485E-89FD-AE09BAFA02AF}.Debug|Any CPU.Build.0 = Debug|Any CPU
		{C7350CB8-0855-485E-89FD-AE09BAFA02AF}.Release|Any CPU.ActiveCfg = Release|Any CPU
		{C7350CB8-0855-485E-89FD-AE09BAFA02AF}.Release|Any CPU.Build.0 = Release|Any CPU
		{B9F7F38F-9A16-4517-8AA3-A931DD76D2E0}.Debug|Any CPU.ActiveCfg = Debug|Any CPU
		{B9F7F38F-9A16-4517-8AA3-A931DD76D2E0}.Debug|Any CPU.Build.0 = Debug|Any CPU
		{B9F7F38F-9A16-4517-8AA3-A931DD76D2E0}.Release|Any CPU.ActiveCfg = Release|Any CPU
		{B9F7F38F-9A16-4517-8AA3-A931DD76D2E0}.Release|Any CPU.Build.0 = Release|Any CPU
	EndGlobalSection
	GlobalSection(SolutionProperties) = preSolution
		HideSolutionNode = FALSE
	EndGlobalSection
	GlobalSection(ExtensibilityGlobals) = postSolution
		SolutionGuid = {BC8C7EF8-BDC4-4C9B-BF65-052E70A9650D}
	EndGlobalSection
	GlobalSection(NestedProjects) = preSolution
		{8A6FC595-5EF7-4E9D-83CD-648DC92433A0} = {26557337-0858-4EDB-8801-F468D201568A}
		{7A061EA5-C7A8-4934-A85D-4947337EF356} = {26557337-0858-4EDB-8801-F468D201568A}
		{5EB8F405-670A-4F76-A0E0-0B3EE6553EAD} = {26557337-0858-4EDB-8801-F468D201568A}
		{A0F3ECAE-846D-44D0-97CE-7F4F18CC3C02} = {26557337-0858-4EDB-8801-F468D201568A}
		{C74C055E-1308-40B0-8E59-55E448D51E21} = {26557337-0858-4EDB-8801-F468D201568A}
		{26557337-0858-4EDB-8801-F468D201568A} = {20DD0830-3FB4-4180-9D72-2B655D97D27B}
		{D599AD03-F9CC-43EA-A4B3-F8696AE1B3C7} = {20DD0830-3FB4-4180-9D72-2B655D97D27B}
		{481335D4-C3F0-48C8-A12C-72F48652278B} = {D599AD03-F9CC-43EA-A4B3-F8696AE1B3C7}
		{9E5EADE1-5558-4C10-AB70-C260E2FB0511} = {D599AD03-F9CC-43EA-A4B3-F8696AE1B3C7}
		{11367596-6068-4C2E-BEFF-1E5C3B9B3981} = {D599AD03-F9CC-43EA-A4B3-F8696AE1B3C7}
		{58C152AA-B82E-4AD4-BDB7-1DA6B02F4D7A} = {D599AD03-F9CC-43EA-A4B3-F8696AE1B3C7}
		{950A8EDE-861A-4372-9657-F039544BA07E} = {20DD0830-3FB4-4180-9D72-2B655D97D27B}
		{77723F85-0E0B-4231-B0DD-899E4DA681B2} = {950A8EDE-861A-4372-9657-F039544BA07E}
		{9B2872E5-D07B-4681-BDF7-808FEBBD13C3} = {950A8EDE-861A-4372-9657-F039544BA07E}
		{930E0F45-CC33-4A6F-BEFE-A8C0B9EA0E5C} = {950A8EDE-861A-4372-9657-F039544BA07E}
		{3E7D5761-D398-4A25-B68E-CBC05571DE02} = {950A8EDE-861A-4372-9657-F039544BA07E}
		{4E8D8892-D88D-452B-9071-AF9A1953EA3D} = {950A8EDE-861A-4372-9657-F039544BA07E}
		{C71F6D1E-0170-4C0B-96C5-AE561C2E6093} = {20DD0830-3FB4-4180-9D72-2B655D97D27B}
		{48702109-F799-4DE3-925E-DDD14FF06176} = {C71F6D1E-0170-4C0B-96C5-AE561C2E6093}
		{9178255B-C7D6-4288-8E00-5F0F831D2E02} = {C71F6D1E-0170-4C0B-96C5-AE561C2E6093}
		{D29D99BF-6A5F-4B12-9ECA-2E1561650E77} = {C71F6D1E-0170-4C0B-96C5-AE561C2E6093}
		{AF26B0A7-0642-4091-8156-12D615368101} = {C71F6D1E-0170-4C0B-96C5-AE561C2E6093}
		{9B78538C-618F-4C7D-9FE5-81877D3943F4} = {C71F6D1E-0170-4C0B-96C5-AE561C2E6093}
		{D172FCBD-E9D4-4BFE-890E-1B4404BFE99B} = {20DD0830-3FB4-4180-9D72-2B655D97D27B}
		{F95A6333-0ACF-4669-BA02-997B1994984B} = {D172FCBD-E9D4-4BFE-890E-1B4404BFE99B}
		{8D22684E-87D8-498D-B4F6-357BA7F3C7B3} = {D172FCBD-E9D4-4BFE-890E-1B4404BFE99B}
		{492677EF-F1DC-461B-B874-5326E80F8703} = {D172FCBD-E9D4-4BFE-890E-1B4404BFE99B}
		{668CC83D-7EF6-4949-9A65-28DEAA26F269} = {D172FCBD-E9D4-4BFE-890E-1B4404BFE99B}
		{536DDDD3-BD0E-4ADE-918D-6DEC8D5A374F} = {20DD0830-3FB4-4180-9D72-2B655D97D27B}
		{C7350CB8-0855-485E-89FD-AE09BAFA02AF} = {536DDDD3-BD0E-4ADE-918D-6DEC8D5A374F}
		{9EC2EC90-EF00-48FD-BAAC-868A950E1C1C} = {20DD0830-3FB4-4180-9D72-2B655D97D27B}
		{B9F7F38F-9A16-4517-8AA3-A931DD76D2E0} = {9EC2EC90-EF00-48FD-BAAC-868A950E1C1C}
	EndGlobalSection
EndGlobal
